
Microsoft Visual Studio Solution File, Format Version 12.00
# Visual Studio Version 17
VisualStudioVersion = 17.14.36121.58
MinimumVisualStudioVersion = 10.0.40219.1
Project("{FAE04EC0-301F-11D3-BF4B-00C04F79EFBC}") = "ElectroKart.API", "ElectroKart_API\ElectroKart.API.csproj", "{6B3AA622-F108-4FF2-A223-D708021FC835}"
EndProject
Project("{FAE04EC0-301F-11D3-BF4B-00C04F79EFBC}") = "ElectroKart.Service", "ElectroKart.Service\ElectroKart.Service.csproj", "{EB3594B7-0029-4C76-A20D-A9E17E510D46}"
EndProject
Project("{FAE04EC0-301F-11D3-BF4B-00C04F79EFBC}") = "ElectroKart.DataAccess", "ElectroKasrt.DataAccess\ElectroKart.DataAccess.csproj", "{044D9493-4677-4906-AD12-AA569A54EA73}"
EndProject
Project("{FAE04EC0-301F-11D3-BF4B-00C04F79EFBC}") = "ElectroKart.Common", "ElectroKart.Common\ElectroKart.Common.csproj", "{913D6677-AAC8-4AFA-AFFB-A6691FE3F92E}"
EndProject
Global
	GlobalSection(SolutionConfigurationPlatforms) = preSolution
		Debug|Any CPU = Debug|Any CPU
		Release|Any CPU = Release|Any CPU
	EndGlobalSection
	GlobalSection(ProjectConfigurationPlatforms) = postSolution
		{6B3AA622-F108-4FF2-A223-D708021FC835}.Debug|Any CPU.ActiveCfg = Debug|Any CPU
		{6B3AA622-F108-4FF2-A223-D708021FC835}.Debug|Any CPU.Build.0 = Debug|Any CPU
		{6B3AA622-F108-4FF2-A223-D708021FC835}.Release|Any CPU.ActiveCfg = Release|Any CPU
		{6B3AA622-F108-4FF2-A223-D708021FC835}.Release|Any CPU.Build.0 = Release|Any CPU
		{EB3594B7-0029-4C76-A20D-A9E17E510D46}.Debug|Any CPU.ActiveCfg = Debug|Any CPU
		{EB3594B7-0029-4C76-A20D-A9E17E510D46}.Debug|Any CPU.Build.0 = Debug|Any CPU
		{EB3594B7-0029-4C76-A20D-A9E17E510D46}.Release|Any CPU.ActiveCfg = Release|Any CPU
		{EB3594B7-0029-4C76-A20D-A9E17E510D46}.Release|Any CPU.Build.0 = Release|Any CPU
		{044D9493-4677-4906-AD12-AA569A54EA73}.Debug|Any CPU.ActiveCfg = Debug|Any CPU
		{044D9493-4677-4906-AD12-AA569A54EA73}.Debug|Any CPU.Build.0 = Debug|Any CPU
		{044D9493-4677-4906-AD12-AA569A54EA73}.Release|Any CPU.ActiveCfg = Release|Any CPU
		{044D9493-4677-4906-AD12-AA569A54EA73}.Release|Any CPU.Build.0 = Release|Any CPU
		{913D6677-AAC8-4AFA-AFFB-A6691FE3F92E}.Debug|Any CPU.ActiveCfg = Debug|Any CPU
		{913D6677-AAC8-4AFA-AFFB-A6691FE3F92E}.Debug|Any CPU.Build.0 = Debug|Any CPU
		{913D6677-AAC8-4AFA-AFFB-A6691FE3F92E}.Release|Any CPU.ActiveCfg = Release|Any CPU
		{913D6677-AAC8-4AFA-AFFB-A6691FE3F92E}.Release|Any CPU.Build.0 = Release|Any CPU
	EndGlobalSection
	GlobalSection(SolutionProperties) = preSolution
		HideSolutionNode = FALSE
	EndGlobalSection
	GlobalSection(ExtensibilityGlobals) = postSolution
		SolutionGuid = {D0D085F4-5D41-4669-8DC3-2FD2D35F9CBA}
	EndGlobalSection
EndGlobal
